<?xml version="1.0" encoding="utf-8"?>
<Project ToolsVersion="4.0" xmlns="http://schemas.microsoft.com/developer/msbuild/2003">
  <ItemGroup>
    <Filter Include="Source Files">
      <UniqueIdentifier>{4FC737F1-C7A5-4376-A066-2A32D752A2FF}</UniqueIdentifier>
      <Extensions>cpp;c;cc;cxx;def;odl;idl;hpj;bat;asm;asmx</Extensions>
    </Filter>
    <Filter Include="Header Files">
      <UniqueIdentifier>{93995380-89BD-4b04-88EB-625FBE52EBFB}</UniqueIdentifier>
      <Extensions>h;hh;hpp;hxx;hm;inl;inc;ipp;xsd</Extensions>
    </Filter>
    <Filter Include="Resource Files">
      <UniqueIdentifier>{67DA6AB6-F800-4c08-8B7A-83BB121AAD01}</UniqueIdentifier>
      <Extensions>rc;ico;cur;bmp;dlg;rc2;rct;bin;rgs;gif;jpg;jpeg;jpe;resx;tiff;tif;png;wav;mfcribbon-ms</Extensions>
    </Filter>
    <Filter Include="Source Files\src">
      <UniqueIdentifier>{e8403139-4440-4949-b907-73086f6c37e7}</UniqueIdentifier>
    </Filter>
    <Filter Include="Source Files\shaders">
      <UniqueIdentifier>{3ce3ee25-c8db-4ec8-936e-37e3e6a5f368}</UniqueIdentifier>
    </Filter>
  </ItemGroup>
  <ItemGroup>
    <ClCompile Include="src\entry.cpp">
      <Filter>Source Files\src</Filter>
    </ClCompile>
  </ItemGroup>
  <ItemGroup>
    <ClInclude Include="src\Triangle.hpp">
      <Filter>Source Files\src</Filter>
    </ClInclude>
    <ClInclude Include="src\Pbr.hpp">
      <Filter>Source Files\src</Filter>
    </ClInclude>
    <ClInclude Include="src\GpuParticle.hpp">
      <Filter>Source Files\src</Filter>
    </ClInclude>
  </ItemGroup>
  <ItemGroup>
    <None Include="..\res\shaders\compute.comp">
      <Filter>Source Files\shaders</Filter>
    </None>
    <None Include="..\res\shaders\triangle.frag">
      <Filter>Source Files\shaders</Filter>
    </None>
    <None Include="..\res\shaders\triangle.vert">
      <Filter>Source Files\shaders</Filter>
    </None>
    <None Include="..\res\shaders\writePipeline.frag">
      <Filter>Source Files\shaders</Filter>
    </None>
    <None Include="..\res\shaders\writePipeline.vert">
      <Filter>Source Files\shaders</Filter>
    </None>
    <None Include="..\res\shaders\fontPipeline.frag">
      <Filter>Source Files\shaders</Filter>
    </None>
    <None Include="..\res\shaders\fontPipeline.vert">
      <Filter>Source Files\shaders</Filter>
    </None>
    <None Include="..\res\shaders\pbr.frag">
      <Filter>Source Files\shaders</Filter>
    </None>
    <None Include="..\res\shaders\pbr.vert">
      <Filter>Source Files\shaders</Filter>
    </None>
    <None Include="..\res\shaders\filterCube.vert">
      <Filter>Source Files\shaders</Filter>
    </None>
    <None Include="..\res\shaders\prefilterEnvmap.frag">
      <Filter>Source Files\shaders</Filter>
    </None>
    <None Include="..\res\shaders\irradianceCube.frag">
      <Filter>Source Files\shaders</Filter>
    </None>
    <None Include="..\res\shaders\genBrdfLut.vert">
      <Filter>Source Files\shaders</Filter>
    </None>
    <None Include="..\res\shaders\genBrdfLut.frag">
      <Filter>Source Files\shaders</Filter>
    </None>
    <None Include="..\res\shaders\particle.comp">
      <Filter>Source Files\shaders</Filter>
    </None>
    <None Include="..\res\shaders\particle.vert">
      <Filter>Source Files\shaders</Filter>
    </None>
    <None Include="..\res\shaders\particle.frag">
      <Filter>Source Files\shaders</Filter>
    </None>
  </ItemGroup>
</Project>