Microsoft Visual Studio Solution File, Format Version 12.00
# Visual Studio 15
VisualStudioVersion = 15.0.28010.2036
MinimumVisualStudioVersion = 10.0.40219.1
Project("{8BC9CEB8-8B4A-11D0-8D11-00A0C91BC942}") = "QbEngine", "QbEngine.vcxproj", "{30986D0C-61F5-47C6-8196-AEB132C696EA}"
EndProject
Project("{8BC9CEB8-8B4A-11D0-8D11-00A0C91BC942}") = "Triangle", "..\Triangle\Triangle.vcxproj", "{EE5C57AA-605E-48A3-8BD2-D3ED54C905D2}"
EndProject
Project("{8BC9CEB8-8B4A-11D0-8D11-00A0C91BC942}") = "NodeJsBinding", "..\NodeJsBinding\build\NodeJsBinding.vcxproj", "{A0A67C1D-9619-3814-54E1-C65A778D4F48}"
EndProject
Project("{9092AA53-FB77-4645-B42D-1CCCA6BD08BD}") = "NodeJsScript", "..\NodeJsScript\NodeJsScript.njsproj", "{801C063E-6094-428D-A6FE-77FD95977EB3}"
EndProject
Global
	GlobalSection(SolutionConfigurationPlatforms) = preSolution
		Debug|Any CPU = Debug|Any CPU
		Debug|x64 = Debug|x64
		Debug|x86 = Debug|x86
		Release|Any CPU = Release|Any CPU
		Release|x64 = Release|x64
		Release|x86 = Release|x86
	EndGlobalSection
	GlobalSection(ProjectConfigurationPlatforms) = postSolution
		{30986D0C-61F5-47C6-8196-AEB132C696EA}.Debug|Any CPU.ActiveCfg = Debug|Win32
		{30986D0C-61F5-47C6-8196-AEB132C696EA}.Debug|x64.ActiveCfg = Debug|x64
		{30986D0C-61F5-47C6-8196-AEB132C696EA}.Debug|x64.Build.0 = Debug|x64
		{30986D0C-61F5-47C6-8196-AEB132C696EA}.Debug|x86.ActiveCfg = Debug|Win32
		{30986D0C-61F5-47C6-8196-AEB132C696EA}.Debug|x86.Build.0 = Debug|Win32
		{30986D0C-61F5-47C6-8196-AEB132C696EA}.Release|Any CPU.ActiveCfg = Release|Win32
		{30986D0C-61F5-47C6-8196-AEB132C696EA}.Release|x64.ActiveCfg = Release|x64
		{30986D0C-61F5-47C6-8196-AEB132C696EA}.Release|x64.Build.0 = Release|x64
		{30986D0C-61F5-47C6-8196-AEB132C696EA}.Release|x86.ActiveCfg = Release|Win32
		{30986D0C-61F5-47C6-8196-AEB132C696EA}.Release|x86.Build.0 = Release|Win32
		{EE5C57AA-605E-48A3-8BD2-D3ED54C905D2}.Debug|Any CPU.ActiveCfg = Debug|Win32
		{EE5C57AA-605E-48A3-8BD2-D3ED54C905D2}.Debug|x64.ActiveCfg = Debug|x64
		{EE5C57AA-605E-48A3-8BD2-D3ED54C905D2}.Debug|x64.Build.0 = Debug|x64
		{EE5C57AA-605E-48A3-8BD2-D3ED54C905D2}.Debug|x86.ActiveCfg = Debug|Win32
		{EE5C57AA-605E-48A3-8BD2-D3ED54C905D2}.Debug|x86.Build.0 = Debug|Win32
		{EE5C57AA-605E-48A3-8BD2-D3ED54C905D2}.Release|Any CPU.ActiveCfg = Release|Win32
		{EE5C57AA-605E-48A3-8BD2-D3ED54C905D2}.Release|x64.ActiveCfg = Release|x64
		{EE5C57AA-605E-48A3-8BD2-D3ED54C905D2}.Release|x64.Build.0 = Release|x64
		{EE5C57AA-605E-48A3-8BD2-D3ED54C905D2}.Release|x86.ActiveCfg = Release|Win32
		{EE5C57AA-605E-48A3-8BD2-D3ED54C905D2}.Release|x86.Build.0 = Release|Win32
		{A0A67C1D-9619-3814-54E1-C65A778D4F48}.Debug|Any CPU.ActiveCfg = Debug|x64
		{A0A67C1D-9619-3814-54E1-C65A778D4F48}.Debug|x64.ActiveCfg = Debug|x64
		{A0A67C1D-9619-3814-54E1-C65A778D4F48}.Debug|x64.Build.0 = Debug|x64
		{A0A67C1D-9619-3814-54E1-C65A778D4F48}.Debug|x86.ActiveCfg = Debug|x64
		{A0A67C1D-9619-3814-54E1-C65A778D4F48}.Release|Any CPU.ActiveCfg = Release|x64
		{A0A67C1D-9619-3814-54E1-C65A778D4F48}.Release|x64.ActiveCfg = Release|x64
		{A0A67C1D-9619-3814-54E1-C65A778D4F48}.Release|x64.Build.0 = Release|x64
		{A0A67C1D-9619-3814-54E1-C65A778D4F48}.Release|x86.ActiveCfg = Release|x64
		{801C063E-6094-428D-A6FE-77FD95977EB3}.Debug|Any CPU.ActiveCfg = Debug|Any CPU
		{801C063E-6094-428D-A6FE-77FD95977EB3}.Debug|Any CPU.Build.0 = Debug|Any CPU
		{801C063E-6094-428D-A6FE-77FD95977EB3}.Debug|x64.ActiveCfg = Debug|Any CPU
		{801C063E-6094-428D-A6FE-77FD95977EB3}.Debug|x64.Build.0 = Debug|Any CPU
		{801C063E-6094-428D-A6FE-77FD95977EB3}.Debug|x86.ActiveCfg = Debug|Any CPU
		{801C063E-6094-428D-A6FE-77FD95977EB3}.Debug|x86.Build.0 = Debug|Any CPU
		{801C063E-6094-428D-A6FE-77FD95977EB3}.Release|Any CPU.ActiveCfg = Release|Any CPU
		{801C063E-6094-428D-A6FE-77FD95977EB3}.Release|Any CPU.Build.0 = Release|Any CPU
		{801C063E-6094-428D-A6FE-77FD95977EB3}.Release|x64.ActiveCfg = Release|Any CPU
		{801C063E-6094-428D-A6FE-77FD95977EB3}.Release|x64.Build.0 = Release|Any CPU
		{801C063E-6094-428D-A6FE-77FD95977EB3}.Release|x86.ActiveCfg = Release|Any CPU
		{801C063E-6094-428D-A6FE-77FD95977EB3}.Release|x86.Build.0 = Release|Any CPU
	EndGlobalSection
	GlobalSection(SolutionProperties) = preSolution
		HideSolutionNode = FALSE
	EndGlobalSection
	GlobalSection(ExtensibilityGlobals) = postSolution
		SolutionGuid = {0D935C8E-D395-45E5-A7A7-2A9274FB58DE}
	EndGlobalSection
EndGlobal
