<?xml version="1.0" encoding="utf-8"?>
<Project ToolsVersion="4.0" xmlns="http://schemas.microsoft.com/developer/msbuild/2003">
  <ItemGroup>
    <Filter Include="Source Files">
      <UniqueIdentifier>{4FC737F1-C7A5-4376-A066-2A32D752A2FF}</UniqueIdentifier>
      <Extensions>cpp;c;cc;cxx;def;odl;idl;hpj;bat;asm;asmx</Extensions>
    </Filter>
    <Filter Include="Header Files">
      <UniqueIdentifier>{93995380-89BD-4b04-88EB-625FBE52EBFB}</UniqueIdentifier>
      <Extensions>h;hh;hpp;hxx;hm;inl;inc;ipp;xsd</Extensions>
    </Filter>
    <Filter Include="Resource Files">
      <UniqueIdentifier>{67DA6AB6-F800-4c08-8B7A-83BB121AAD01}</UniqueIdentifier>
      <Extensions>rc;ico;cur;bmp;dlg;rc2;rct;bin;rgs;gif;jpg;jpeg;jpe;resx;tiff;tif;png;wav;mfcribbon-ms</Extensions>
    </Filter>
    <Filter Include="Source Files\engine">
      <UniqueIdentifier>{fd99661e-45aa-44ea-bc91-23e4bd014990}</UniqueIdentifier>
    </Filter>
    <Filter Include="Source Files\actor">
      <UniqueIdentifier>{dca1ac3b-c307-4387-8bd9-bcce0899243a}</UniqueIdentifier>
    </Filter>
  </ItemGroup>
  <ItemGroup>
    <ClCompile Include="engine\app.cpp">
      <Filter>Source Files\engine</Filter>
    </ClCompile>
    <ClCompile Include="engine\device.cpp">
      <Filter>Source Files\engine</Filter>
    </ClCompile>
    <ClCompile Include="engine\inst.cpp">
      <Filter>Source Files\engine</Filter>
    </ClCompile>
    <ClCompile Include="engine\pipeline.cpp">
      <Filter>Source Files\engine</Filter>
    </ClCompile>
    <ClCompile Include="engine\renderpass.cpp">
      <Filter>Source Files\engine</Filter>
    </ClCompile>
    <ClCompile Include="engine\surface.cpp">
      <Filter>Source Files\engine</Filter>
    </ClCompile>
    <ClCompile Include="engine\swapchain.cpp">
      <Filter>Source Files\engine</Filter>
    </ClCompile>
    <ClCompile Include="engine\sync.cpp">
      <Filter>Source Files\engine</Filter>
    </ClCompile>
    <ClCompile Include="engine\tool.cpp">
      <Filter>Source Files\engine</Filter>
    </ClCompile>
    <ClCompile Include="engine\win.cpp">
      <Filter>Source Files\engine</Filter>
    </ClCompile>
    <ClCompile Include="actor\actor.cpp">
      <Filter>Source Files\actor</Filter>
    </ClCompile>
    <ClCompile Include="actor\actorComponent.cpp">
      <Filter>Source Files\actor</Filter>
    </ClCompile>
    <ClCompile Include="actor\renderComponent.cpp">
      <Filter>Source Files\actor</Filter>
    </ClCompile>
    <ClCompile Include="actor\meshComponent.cpp">
      <Filter>Source Files\actor</Filter>
    </ClCompile>
    <ClCompile Include="actor\physicsComponent.cpp">
      <Filter>Source Files\actor</Filter>
    </ClCompile>
    <ClCompile Include="actor\audioComponent.cpp">
      <Filter>Source Files\actor</Filter>
    </ClCompile>
    <ClCompile Include="engine\inputMgr.cpp">
      <Filter>Source Files\engine</Filter>
    </ClCompile>
    <ClCompile Include="engine\modelMgr.cpp">
      <Filter>Source Files\engine</Filter>
    </ClCompile>
    <ClCompile Include="engine\physicsMgr.cpp">
      <Filter>Source Files\engine</Filter>
    </ClCompile>
    <ClCompile Include="engine\audioMgr.cpp">
      <Filter>Source Files\engine</Filter>
    </ClCompile>
    <ClCompile Include="engine\eventMgr.cpp">
      <Filter>Source Files\engine</Filter>
    </ClCompile>
    <ClCompile Include="engine\fontMgr.cpp">
      <Filter>Source Files\engine</Filter>
    </ClCompile>
    <ClCompile Include="actor\cameraComponent.cpp">
      <Filter>Source Files\actor</Filter>
    </ClCompile>
    <ClCompile Include="engine\actorMgr.cpp">
      <Filter>Source Files\engine</Filter>
    </ClCompile>
    <ClCompile Include="engine\sceneMgr.cpp">
      <Filter>Source Files\engine</Filter>
    </ClCompile>
    <ClCompile Include="engine\timerMgr.cpp">
      <Filter>Source Files\engine</Filter>
    </ClCompile>
    <ClCompile Include="engine\renderMgr.cpp">
      <Filter>Source Files\engine</Filter>
    </ClCompile>
    <ClCompile Include="engine\dynamicStructMgr.cpp">
      <Filter>Source Files\engine</Filter>
    </ClCompile>
    <ClCompile Include="engine\descriptorMgr.cpp">
      <Filter>Source Files\engine</Filter>
    </ClCompile>
    <ClCompile Include="engine\bufferMgr.cpp">
      <Filter>Source Files\engine</Filter>
    </ClCompile>
    <ClCompile Include="engine\fileMgr.cpp">
      <Filter>Source Files\engine</Filter>
    </ClCompile>
  </ItemGroup>
  <ItemGroup>
    <ClInclude Include="engine\app.h">
      <Filter>Source Files\engine</Filter>
    </ClInclude>
    <ClInclude Include="engine\device.h">
      <Filter>Source Files\engine</Filter>
    </ClInclude>
    <ClInclude Include="engine\inst.h">
      <Filter>Source Files\engine</Filter>
    </ClInclude>
    <ClInclude Include="engine\pipeline.h">
      <Filter>Source Files\engine</Filter>
    </ClInclude>
    <ClInclude Include="engine\renderpass.h">
      <Filter>Source Files\engine</Filter>
    </ClInclude>
    <ClInclude Include="engine\surface.h">
      <Filter>Source Files\engine</Filter>
    </ClInclude>
    <ClInclude Include="engine\swapchain.h">
      <Filter>Source Files\engine</Filter>
    </ClInclude>
    <ClInclude Include="engine\sync.h">
      <Filter>Source Files\engine</Filter>
    </ClInclude>
    <ClInclude Include="engine\tool.h">
      <Filter>Source Files\engine</Filter>
    </ClInclude>
    <ClInclude Include="engine\win.h">
      <Filter>Source Files\engine</Filter>
    </ClInclude>
    <ClInclude Include="actor\actor.h">
      <Filter>Source Files\actor</Filter>
    </ClInclude>
    <ClInclude Include="actor\actorComponent.h">
      <Filter>Source Files\actor</Filter>
    </ClInclude>
    <ClInclude Include="actor\renderComponent.h">
      <Filter>Source Files\actor</Filter>
    </ClInclude>
    <ClInclude Include="actor\meshComponent.h">
      <Filter>Source Files\actor</Filter>
    </ClInclude>
    <ClInclude Include="actor\physicsComponent.h">
      <Filter>Source Files\actor</Filter>
    </ClInclude>
    <ClInclude Include="actor\audioComponent.h">
      <Filter>Source Files\actor</Filter>
    </ClInclude>
    <ClInclude Include="engine\inputMgr.h">
      <Filter>Source Files\engine</Filter>
    </ClInclude>
    <ClInclude Include="engine\modelMgr.h">
      <Filter>Source Files\engine</Filter>
    </ClInclude>
    <ClInclude Include="engine\physicsMgr.h">
      <Filter>Source Files\engine</Filter>
    </ClInclude>
    <ClInclude Include="engine\audioMgr.h">
      <Filter>Source Files\engine</Filter>
    </ClInclude>
    <ClInclude Include="engine\eventMgr.h">
      <Filter>Source Files\engine</Filter>
    </ClInclude>
    <ClInclude Include="engine\fontMgr.h">
      <Filter>Source Files\engine</Filter>
    </ClInclude>
    <ClInclude Include="actor\cameraComponent.h">
      <Filter>Source Files\actor</Filter>
    </ClInclude>
    <ClInclude Include="engine\actorMgr.h">
      <Filter>Source Files\engine</Filter>
    </ClInclude>
    <ClInclude Include="engine\sceneMgr.h">
      <Filter>Source Files\engine</Filter>
    </ClInclude>
    <ClInclude Include="engine\timerMgr.h">
      <Filter>Source Files\engine</Filter>
    </ClInclude>
    <ClInclude Include="engine\renderMgr.h">
      <Filter>Source Files\engine</Filter>
    </ClInclude>
    <ClInclude Include="engine\dynamicStructMgr.h">
      <Filter>Source Files\engine</Filter>
    </ClInclude>
    <ClInclude Include="engine\descriptorMgr.h">
      <Filter>Source Files\engine</Filter>
    </ClInclude>
    <ClInclude Include="engine\bufferMgr.h">
      <Filter>Source Files\engine</Filter>
    </ClInclude>
    <ClInclude Include="engine\fileMgr.h">
      <Filter>Source Files\engine</Filter>
    </ClInclude>
  </ItemGroup>
  <ItemGroup>
    <None Include="actor\actor.ipp">
      <Filter>Source Files\actor</Filter>
    </None>
  </ItemGroup>
</Project>